// !$*UTF8*$!
{
	archiveVersion = 1;
	classes = {
	};
	objectVersion = 46;
	objects = {

/* Begin PBXBuildFile section */
		3D1DE0361E5EF1E300768D97 /* AppDelegate.swift in Sources */ = {isa = PBXBuildFile; fileRef = 3D1DE0351E5EF1E300768D97 /* AppDelegate.swift */; };
		3D1DE0381E5EF1E300768D97 /* ViewController.swift in Sources */ = {isa = PBXBuildFile; fileRef = 3D1DE0371E5EF1E300768D97 /* ViewController.swift */; };
		3D1DE03B1E5EF1E300768D97 /* Main.storyboard in Resources */ = {isa = PBXBuildFile; fileRef = 3D1DE0391E5EF1E300768D97 /* Main.storyboard */; };
		3D1DE03D1E5EF1E300768D97 /* Assets.xcassets in Resources */ = {isa = PBXBuildFile; fileRef = 3D1DE03C1E5EF1E300768D97 /* Assets.xcassets */; };
		3D1DE0401E5EF1E300768D97 /* LaunchScreen.storyboard in Resources */ = {isa = PBXBuildFile; fileRef = 3D1DE03E1E5EF1E300768D97 /* LaunchScreen.storyboard */; };
		3D1DE04B1E5EF1E300768D97 /* ImageGeneratorTests.swift in Sources */ = {isa = PBXBuildFile; fileRef = 3D1DE04A1E5EF1E300768D97 /* ImageGeneratorTests.swift */; };
		3D1DE0561E5EF1E300768D97 /* ImageGeneratorUITests.swift in Sources */ = {isa = PBXBuildFile; fileRef = 3D1DE0551E5EF1E300768D97 /* ImageGeneratorUITests.swift */; };
		3D1DE0641E5EF20500768D97 /* Renderer.swift in Sources */ = {isa = PBXBuildFile; fileRef = 3D1DE0631E5EF20500768D97 /* Renderer.swift */; };
/* End PBXBuildFile section */

/* Begin PBXContainerItemProxy section */
		3D1DE0471E5EF1E300768D97 /* PBXContainerItemProxy */ = {
			isa = PBXContainerItemProxy;
			containerPortal = 3D1DE02A1E5EF1E300768D97 /* Project object */;
			proxyType = 1;
			remoteGlobalIDString = 3D1DE0311E5EF1E300768D97;
			remoteInfo = ImageGenerator;
		};
		3D1DE0521E5EF1E300768D97 /* PBXContainerItemProxy */ = {
			isa = PBXContainerItemProxy;
			containerPortal = 3D1DE02A1E5EF1E300768D97 /* Project object */;
			proxyType = 1;
			remoteGlobalIDString = 3D1DE0311E5EF1E300768D97;
			remoteInfo = ImageGenerator;
		};
/* End PBXContainerItemProxy section */

/* Begin PBXFileReference section */
		3D1DE0321E5EF1E300768D97 /* ImageGenerator.app */ = {isa = PBXFileReference; explicitFileType = wrapper.application; includeInIndex = 0; path = ImageGenerator.app; sourceTree = BUILT_PRODUCTS_DIR; };
		3D1DE0351E5EF1E300768D97 /* AppDelegate.swift */ = {isa = PBXFileReference; lastKnownFileType = sourcecode.swift; path = AppDelegate.swift; sourceTree = "<group>"; };
		3D1DE0371E5EF1E300768D97 /* ViewController.swift */ = {isa = PBXFileReference; lastKnownFileType = sourcecode.swift; path = ViewController.swift; sourceTree = "<group>"; };
		3D1DE03A1E5EF1E300768D97 /* Base */ = {isa = PBXFileReference; lastKnownFileType = file.storyboard; name = Base; path = Base.lproj/Main.storyboard; sourceTree = "<group>"; };
		3D1DE03C1E5EF1E300768D97 /* Assets.xcassets */ = {isa = PBXFileReference; lastKnownFileType = folder.assetcatalog; path = Assets.xcassets; sourceTree = "<group>"; };
		3D1DE03F1E5EF1E300768D97 /* Base */ = {isa = PBXFileReference; lastKnownFileType = file.storyboard; name = Base; path = Base.lproj/LaunchScreen.storyboard; sourceTree = "<group>"; };
		3D1DE0411E5EF1E300768D97 /* Info.plist */ = {isa = PBXFileReference; lastKnownFileType = text.plist.xml; path = Info.plist; sourceTree = "<group>"; };
		3D1DE0461E5EF1E300768D97 /* ImageGeneratorTests.xctest */ = {isa = PBXFileReference; explicitFileType = wrapper.cfbundle; includeInIndex = 0; path = ImageGeneratorTests.xctest; sourceTree = BUILT_PRODUCTS_DIR; };
		3D1DE04A1E5EF1E300768D97 /* ImageGeneratorTests.swift */ = {isa = PBXFileReference; lastKnownFileType = sourcecode.swift; path = ImageGeneratorTests.swift; sourceTree = "<group>"; };
		3D1DE04C1E5EF1E300768D97 /* Info.plist */ = {isa = PBXFileReference; lastKnownFileType = text.plist.xml; path = Info.plist; sourceTree = "<group>"; };
		3D1DE0511E5EF1E300768D97 /* ImageGeneratorUITests.xctest */ = {isa = PBXFileReference; explicitFileType = wrapper.cfbundle; includeInIndex = 0; path = ImageGeneratorUITests.xctest; sourceTree = BUILT_PRODUCTS_DIR; };
		3D1DE0551E5EF1E300768D97 /* ImageGeneratorUITests.swift */ = {isa = PBXFileReference; lastKnownFileType = sourcecode.swift; path = ImageGeneratorUITests.swift; sourceTree = "<group>"; };
		3D1DE0571E5EF1E300768D97 /* Info.plist */ = {isa = PBXFileReference; lastKnownFileType = text.plist.xml; path = Info.plist; sourceTree = "<group>"; };
		3D1DE0631E5EF20500768D97 /* Renderer.swift */ = {isa = PBXFileReference; fileEncoding = 4; lastKnownFileType = sourcecode.swift; path = Renderer.swift; sourceTree = "<group>"; };
/* End PBXFileReference section */

/* Begin PBXFrameworksBuildPhase section */
		3D1DE02F1E5EF1E300768D97 /* Frameworks */ = {
			isa = PBXFrameworksBuildPhase;
			buildActionMask = 2147483647;
			files = (
			);
			runOnlyForDeploymentPostprocessing = 0;
		};
		3D1DE0431E5EF1E300768D97 /* Frameworks */ = {
			isa = PBXFrameworksBuildPhase;
			buildActionMask = 2147483647;
			files = (
			);
			runOnlyForDeploymentPostprocessing = 0;
		};
		3D1DE04E1E5EF1E300768D97 /* Frameworks */ = {
			isa = PBXFrameworksBuildPhase;
			buildActionMask = 2147483647;
			files = (
			);
			runOnlyForDeploymentPostprocessing = 0;
		};
/* End PBXFrameworksBuildPhase section */

/* Begin PBXGroup section */
		3D1DE0291E5EF1E300768D97 = {
			isa = PBXGroup;
			children = (
				3D1DE0341E5EF1E300768D97 /* ImageGenerator */,
				3D1DE0491E5EF1E300768D97 /* ImageGeneratorTests */,
				3D1DE0541E5EF1E300768D97 /* ImageGeneratorUITests */,
				3D1DE0331E5EF1E300768D97 /* Products */,
			);
			sourceTree = "<group>";
		};
		3D1DE0331E5EF1E300768D97 /* Products */ = {
			isa = PBXGroup;
			children = (
				3D1DE0321E5EF1E300768D97 /* ImageGenerator.app */,
				3D1DE0461E5EF1E300768D97 /* ImageGeneratorTests.xctest */,
				3D1DE0511E5EF1E300768D97 /* ImageGeneratorUITests.xctest */,
			);
			name = Products;
			sourceTree = "<group>";
		};
		3D1DE0341E5EF1E300768D97 /* ImageGenerator */ = {
			isa = PBXGroup;
			children = (
				3D1DE0651E5EF33900768D97 /* Base */,
				3D1DE0351E5EF1E300768D97 /* AppDelegate.swift */,
				3D1DE0371E5EF1E300768D97 /* ViewController.swift */,
				3D1DE0631E5EF20500768D97 /* Renderer.swift */,
			);
			path = ImageGenerator;
			sourceTree = "<group>";
		};
		3D1DE0491E5EF1E300768D97 /* ImageGeneratorTests */ = {
			isa = PBXGroup;
			children = (
				3D1DE04A1E5EF1E300768D97 /* ImageGeneratorTests.swift */,
				3D1DE04C1E5EF1E300768D97 /* Info.plist */,
			);
			path = ImageGeneratorTests;
			sourceTree = "<group>";
		};
		3D1DE0541E5EF1E300768D97 /* ImageGeneratorUITests */ = {
			isa = PBXGroup;
			children = (
				3D1DE0551E5EF1E300768D97 /* ImageGeneratorUITests.swift */,
				3D1DE0571E5EF1E300768D97 /* Info.plist */,
			);
			path = ImageGeneratorUITests;
			sourceTree = "<group>";
		};
		3D1DE0651E5EF33900768D97 /* Base */ = {
			isa = PBXGroup;
			children = (
				3D1DE0391E5EF1E300768D97 /* Main.storyboard */,
				3D1DE03C1E5EF1E300768D97 /* Assets.xcassets */,
				3D1DE03E1E5EF1E300768D97 /* LaunchScreen.storyboard */,
				3D1DE0411E5EF1E300768D97 /* Info.plist */,
			);
			name = Base;
			sourceTree = "<group>";
		};
/* End PBXGroup section */

/* Begin PBXNativeTarget section */
		3D1DE0311E5EF1E300768D97 /* ImageGenerator */ = {
			isa = PBXNativeTarget;
			buildConfigurationList = 3D1DE05A1E5EF1E300768D97 /* Build configuration list for PBXNativeTarget "ImageGenerator" */;
			buildPhases = (
				3D1DE02E1E5EF1E300768D97 /* Sources */,
				3D1DE02F1E5EF1E300768D97 /* Frameworks */,
				3D1DE0301E5EF1E300768D97 /* Resources */,
			);
			buildRules = (
			);
			dependencies = (
			);
			name = ImageGenerator;
			productName = ImageGenerator;
			productReference = 3D1DE0321E5EF1E300768D97 /* ImageGenerator.app */;
			productType = "com.apple.product-type.application";
		};
		3D1DE0451E5EF1E300768D97 /* ImageGeneratorTests */ = {
			isa = PBXNativeTarget;
			buildConfigurationList = 3D1DE05D1E5EF1E300768D97 /* Build configuration list for PBXNativeTarget "ImageGeneratorTests" */;
			buildPhases = (
				3D1DE0421E5EF1E300768D97 /* Sources */,
				3D1DE0431E5EF1E300768D97 /* Frameworks */,
				3D1DE0441E5EF1E300768D97 /* Resources */,
			);
			buildRules = (
			);
			dependencies = (
				3D1DE0481E5EF1E300768D97 /* PBXTargetDependency */,
			);
			name = ImageGeneratorTests;
			productName = ImageGeneratorTests;
			productReference = 3D1DE0461E5EF1E300768D97 /* ImageGeneratorTests.xctest */;
			productType = "com.apple.product-type.bundle.unit-test";
		};
		3D1DE0501E5EF1E300768D97 /* ImageGeneratorUITests */ = {
			isa = PBXNativeTarget;
			buildConfigurationList = 3D1DE0601E5EF1E300768D97 /* Build configuration list for PBXNativeTarget "ImageGeneratorUITests" */;
			buildPhases = (
				3D1DE04D1E5EF1E300768D97 /* Sources */,
				3D1DE04E1E5EF1E300768D97 /* Frameworks */,
				3D1DE04F1E5EF1E300768D97 /* Resources */,
			);
			buildRules = (
			);
			dependencies = (
				3D1DE0531E5EF1E300768D97 /* PBXTargetDependency */,
			);
			name = ImageGeneratorUITests;
			productName = ImageGeneratorUITests;
			productReference = 3D1DE0511E5EF1E300768D97 /* ImageGeneratorUITests.xctest */;
			productType = "com.apple.product-type.bundle.ui-testing";
		};
/* End PBXNativeTarget section */

/* Begin PBXProject section */
		3D1DE02A1E5EF1E300768D97 /* Project object */ = {
			isa = PBXProject;
			attributes = {
				LastSwiftUpdateCheck = 0820;
				LastUpgradeCheck = 0820;
				ORGANIZATIONNAME = "Taguhi Abgaryan";
				TargetAttributes = {
					3D1DE0311E5EF1E300768D97 = {
						CreatedOnToolsVersion = 8.2.1;
						DevelopmentTeam = URT24V64BJ;
						ProvisioningStyle = Automatic;
					};
					3D1DE0451E5EF1E300768D97 = {
						CreatedOnToolsVersion = 8.2.1;
						DevelopmentTeam = URT24V64BJ;
						ProvisioningStyle = Automatic;
						TestTargetID = 3D1DE0311E5EF1E300768D97;
					};
					3D1DE0501E5EF1E300768D97 = {
						CreatedOnToolsVersion = 8.2.1;
						DevelopmentTeam = URT24V64BJ;
						ProvisioningStyle = Automatic;
						TestTargetID = 3D1DE0311E5EF1E300768D97;
					};
				};
			};
			buildConfigurationList = 3D1DE02D1E5EF1E300768D97 /* Build configuration list for PBXProject "ImageGenerator" */;
			compatibilityVersion = "Xcode 3.2";
			developmentRegion = English;
			hasScannedForEncodings = 0;
			knownRegions = (
				en,
				Base,
			);
			mainGroup = 3D1DE0291E5EF1E300768D97;
			productRefGroup = 3D1DE0331E5EF1E300768D97 /* Products */;
			projectDirPath = "";
			projectRoot = "";
			targets = (
				3D1DE0311E5EF1E300768D97 /* ImageGenerator */,
				3D1DE0451E5EF1E300768D97 /* ImageGeneratorTests */,
				3D1DE0501E5EF1E300768D97 /* ImageGeneratorUITests */,
			);
		};
/* End PBXProject section */

/* Begin PBXResourcesBuildPhase section */
		3D1DE0301E5EF1E300768D97 /* Resources */ = {
			isa = PBXResourcesBuildPhase;
			buildActionMask = 2147483647;
			files = (
				3D1DE0401E5EF1E300768D97 /* LaunchScreen.storyboard in Resources */,
				3D1DE03D1E5EF1E300768D97 /* Assets.xcassets in Resources */,
				3D1DE03B1E5EF1E300768D97 /* Main.storyboard in Resources */,
			);
			runOnlyForDeploymentPostprocessing = 0;
		};
		3D1DE0441E5EF1E300768D97 /* Resources */ = {
			isa = PBXResourcesBuildPhase;
			buildActionMask = 2147483647;
			files = (
			);
			runOnlyForDeploymentPostprocessing = 0;
		};
		3D1DE04F1E5EF1E300768D97 /* Resources */ = {
			isa = PBXResourcesBuildPhase;
			buildActionMask = 2147483647;
			files = (
			);
			runOnlyForDeploymentPostprocessing = 0;
		};
/* End PBXResourcesBuildPhase section */

/* Begin PBXSourcesBuildPhase section */
		3D1DE02E1E5EF1E300768D97 /* Sources */ = {
			isa = PBXSourcesBuildPhase;
			buildActionMask = 2147483647;
			files = (
				3D1DE0381E5EF1E300768D97 /* ViewController.swift in Sources */,
				3D1DE0641E5EF20500768D97 /* Renderer.swift in Sources */,
				3D1DE0361E5EF1E300768D97 /* AppDelegate.swift in Sources */,
			);
			runOnlyForDeploymentPostprocessing = 0;
		};
		3D1DE0421E5EF1E300768D97 /* Sources */ = {
			isa = PBXSourcesBuildPhase;
			buildActionMask = 2147483647;
			files = (
				3D1DE04B1E5EF1E300768D97 /* ImageGeneratorTests.swift in Sources */,
			);
			runOnlyForDeploymentPostprocessing = 0;
		};
		3D1DE04D1E5EF1E300768D97 /* Sources */ = {
			isa = PBXSourcesBuildPhase;
			buildActionMask = 2147483647;
			files = (
				3D1DE0561E5EF1E300768D97 /* ImageGeneratorUITests.swift in Sources */,
			);
			runOnlyForDeploymentPostprocessing = 0;
		};
/* End PBXSourcesBuildPhase section */

/* Begin PBXTargetDependency section */
		3D1DE0481E5EF1E300768D97 /* PBXTargetDependency */ = {
			isa = PBXTargetDependency;
			target = 3D1DE0311E5EF1E300768D97 /* ImageGenerator */;
			targetProxy = 3D1DE0471E5EF1E300768D97 /* PBXContainerItemProxy */;
		};
		3D1DE0531E5EF1E300768D97 /* PBXTargetDependency */ = {
			isa = PBXTargetDependency;
			target = 3D1DE0311E5EF1E300768D97 /* ImageGenerator */;
			targetProxy = 3D1DE0521E5EF1E300768D97 /* PBXContainerItemProxy */;
		};
/* End PBXTargetDependency section */

/* Begin PBXVariantGroup section */
		3D1DE0391E5EF1E300768D97 /* Main.storyboard */ = {
			isa = PBXVariantGroup;
			children = (
				3D1DE03A1E5EF1E300768D97 /* Base */,
			);
			name = Main.storyboard;
			sourceTree = "<group>";
		};
		3D1DE03E1E5EF1E300768D97 /* LaunchScreen.storyboard */ = {
			isa = PBXVariantGroup;
			children = (
				3D1DE03F1E5EF1E300768D97 /* Base */,
			);
			name = LaunchScreen.storyboard;
			sourceTree = "<group>";
		};
/* End PBXVariantGroup section */

/* Begin XCBuildConfiguration section */
		3D1DE0581E5EF1E300768D97 /* Debug */ = {
			isa = XCBuildConfiguration;
			buildSettings = {
				ALWAYS_SEARCH_USER_PATHS = NO;
				CLANG_ANALYZER_NONNULL = YES;
				CLANG_CXX_LANGUAGE_STANDARD = "gnu++0x";
				CLANG_CXX_LIBRARY = "libc++";
				CLANG_ENABLE_MODULES = YES;
				CLANG_ENABLE_OBJC_ARC = YES;
				CLANG_WARN_BOOL_CONVERSION = YES;
				CLANG_WARN_CONSTANT_CONVERSION = YES;
				CLANG_WARN_DIRECT_OBJC_ISA_USAGE = YES_ERROR;
				CLANG_WARN_DOCUMENTATION_COMMENTS = YES;
				CLANG_WARN_EMPTY_BODY = YES;
				CLANG_WARN_ENUM_CONVERSION = YES;
				CLANG_WARN_INFINITE_RECURSION = YES;
				CLANG_WARN_INT_CONVERSION = YES;
				CLANG_WARN_OBJC_ROOT_CLASS = YES_ERROR;
				CLANG_WARN_SUSPICIOUS_MOVE = YES;
				CLANG_WARN_UNREACHABLE_CODE = YES;
				CLANG_WARN__DUPLICATE_METHOD_MATCH = YES;
				"CODE_SIGN_IDENTITY[sdk=iphoneos*]" = "iPhone Developer";
				COPY_PHASE_STRIP = NO;
				DEBUG_INFORMATION_FORMAT = dwarf;
				ENABLE_STRICT_OBJC_MSGSEND = YES;
				ENABLE_TESTABILITY = YES;
				GCC_C_LANGUAGE_STANDARD = gnu99;
				GCC_DYNAMIC_NO_PIC = NO;
				GCC_NO_COMMON_BLOCKS = YES;
				GCC_OPTIMIZATION_LEVEL = 0;
				GCC_PREPROCESSOR_DEFINITIONS = (
					"DEBUG=1",
					"$(inherited)",
				);
				GCC_WARN_64_TO_32_BIT_CONVERSION = YES;
				GCC_WARN_ABOUT_RETURN_TYPE = YES_ERROR;
				GCC_WARN_UNDECLARED_SELECTOR = YES;
				GCC_WARN_UNINITIALIZED_AUTOS = YES_AGGRESSIVE;
				GCC_WARN_UNUSED_FUNCTION = YES;
				GCC_WARN_UNUSED_VARIABLE = YES;
				IPHONEOS_DEPLOYMENT_TARGET = 10.2;
				MTL_ENABLE_DEBUG_INFO = YES;
				ONLY_ACTIVE_ARCH = YES;
				SDKROOT = iphoneos;
				SWIFT_ACTIVE_COMPILATION_CONDITIONS = DEBUG;
				SWIFT_OPTIMIZATION_LEVEL = "-Onone";
				TARGETED_DEVICE_FAMILY = "1,2";
			};
			name = Debug;
		};
		3D1DE0591E5EF1E300768D97 /* Release */ = {
			isa = XCBuildConfiguration;
			buildSettings = {
				ALWAYS_SEARCH_USER_PATHS = NO;
				CLANG_ANALYZER_NONNULL = YES;
				CLANG_CXX_LANGUAGE_STANDARD = "gnu++0x";
				CLANG_CXX_LIBRARY = "libc++";
				CLANG_ENABLE_MODULES = YES;
				CLANG_ENABLE_OBJC_ARC = YES;
				CLANG_WARN_BOOL_CONVERSION = YES;
				CLANG_WARN_CONSTANT_CONVERSION = YES;
				CLANG_WARN_DIRECT_OBJC_ISA_USAGE = YES_ERROR;
				CLANG_WARN_DOCUMENTATION_COMMENTS = YES;
				CLANG_WARN_EMPTY_BODY = YES;
				CLANG_WARN_ENUM_CONVERSION = YES;
				CLANG_WARN_INFINITE_RECURSION = YES;
				CLANG_WARN_INT_CONVERSION = YES;
				CLANG_WARN_OBJC_ROOT_CLASS = YES_ERROR;
				CLANG_WARN_SUSPICIOUS_MOVE = YES;
				CLANG_WARN_UNREACHABLE_CODE = YES;
				CLANG_WARN__DUPLICATE_METHOD_MATCH = YES;
				"CODE_SIGN_IDENTITY[sdk=iphoneos*]" = "iPhone Developer";
				COPY_PHASE_STRIP = NO;
				DEBUG_INFORMATION_FORMAT = "dwarf-with-dsym";
				ENABLE_NS_ASSERTIONS = NO;
				ENABLE_STRICT_OBJC_MSGSEND = YES;
				GCC_C_LANGUAGE_STANDARD = gnu99;
				GCC_NO_COMMON_BLOCKS = YES;
				GCC_WARN_64_TO_32_BIT_CONVERSION = YES;
				GCC_WARN_ABOUT_RETURN_TYPE = YES_ERROR;
				GCC_WARN_UNDECLARED_SELECTOR = YES;
				GCC_WARN_UNINITIALIZED_AUTOS = YES_AGGRESSIVE;
				GCC_WARN_UNUSED_FUNCTION = YES;
				GCC_WARN_UNUSED_VARIABLE = YES;
				IPHONEOS_DEPLOYMENT_TARGET = 10.2;
				MTL_ENABLE_DEBUG_INFO = NO;
				SDKROOT = iphoneos;
				SWIFT_OPTIMIZATION_LEVEL = "-Owholemodule";
				TARGETED_DEVICE_FAMILY = "1,2";
				VALIDATE_PRODUCT = YES;
			};
			name = Release;
		};
		3D1DE05B1E5EF1E300768D97 /* Debug */ = {
			isa = XCBuildConfiguration;
			buildSettings = {
				ASSETCATALOG_COMPILER_APPICON_NAME = AppIcon;
				DEVELOPMENT_TEAM = URT24V64BJ;
				INFOPLIST_FILE = ImageGenerator/Info.plist;
				LD_RUNPATH_SEARCH_PATHS = "$(inherited) @executable_path/Frameworks";
				PRODUCT_BUNDLE_IDENTIFIER = taguhiabgar.ImageGenerator;
				PRODUCT_NAME = "$(TARGET_NAME)";
				SWIFT_VERSION = 3.0;
			};
			name = Debug;
		};
		3D1DE05C1E5EF1E300768D97 /* Release */ = {
			isa = XCBuildConfiguration;
			buildSettings = {
				ASSETCATALOG_COMPILER_APPICON_NAME = AppIcon;
				DEVELOPMENT_TEAM = URT24V64BJ;
				INFOPLIST_FILE = ImageGenerator/Info.plist;
				LD_RUNPATH_SEARCH_PATHS = "$(inherited) @executable_path/Frameworks";
				PRODUCT_BUNDLE_IDENTIFIER = taguhiabgar.ImageGenerator;
				PRODUCT_NAME = "$(TARGET_NAME)";
				SWIFT_VERSION = 3.0;
			};
			name = Release;
		};
		3D1DE05E1E5EF1E300768D97 /* Debug */ = {
			isa = XCBuildConfiguration;
			buildSettings = {
				ALWAYS_EMBED_SWIFT_STANDARD_LIBRARIES = YES;
				BUNDLE_LOADER = "$(TEST_HOST)";
				DEVELOPMENT_TEAM = URT24V64BJ;
				INFOPLIST_FILE = ImageGeneratorTests/Info.plist;
				LD_RUNPATH_SEARCH_PATHS = "$(inherited) @executable_path/Frameworks @loader_path/Frameworks";
				PRODUCT_BUNDLE_IDENTIFIER = taguhiabgar.ImageGeneratorTests;
				PRODUCT_NAME = "$(TARGET_NAME)";
				SWIFT_VERSION = 3.0;
				TEST_HOST = "$(BUILT_PRODUCTS_DIR)/ImageGenerator.app/ImageGenerator";
			};
			name = Debug;
		};
		3D1DE05F1E5EF1E300768D97 /* Release */ = {
			isa = XCBuildConfiguration;
			buildSettings = {
				ALWAYS_EMBED_SWIFT_STANDARD_LIBRARIES = YES;
				BUNDLE_LOADER = "$(TEST_HOST)";
				DEVELOPMENT_TEAM = URT24V64BJ;
				INFOPLIST_FILE = ImageGeneratorTests/Info.plist;
				LD_RUNPATH_SEARCH_PATHS = "$(inherited) @executable_path/Frameworks @loader_path/Frameworks";
				PRODUCT_BUNDLE_IDENTIFIER = taguhiabgar.ImageGeneratorTests;
				PRODUCT_NAME = "$(TARGET_NAME)";
				SWIFT_VERSION = 3.0;
				TEST_HOST = "$(BUILT_PRODUCTS_DIR)/ImageGenerator.app/ImageGenerator";
			};
			name = Release;
		};
		3D1DE0611E5EF1E300768D97 /* Debug */ = {
			isa = XCBuildConfiguration;
			buildSettings = {
				ALWAYS_EMBED_SWIFT_STANDARD_LIBRARIES = YES;
				DEVELOPMENT_TEAM = URT24V64BJ;
				INFOPLIST_FILE = ImageGeneratorUITests/Info.plist;
				LD_RUNPATH_SEARCH_PATHS = "$(inherited) @executable_path/Frameworks @loader_path/Frameworks";
				PRODUCT_BUNDLE_IDENTIFIER = taguhiabgar.ImageGeneratorUITests;
				PRODUCT_NAME = "$(TARGET_NAME)";
				SWIFT_VERSION = 3.0;
				TEST_TARGET_NAME = ImageGenerator;
			};
			name = Debug;
		};
		3D1DE0621E5EF1E300768D97 /* Release */ = {
			isa = XCBuildConfiguration;
			buildSettings = {
				ALWAYS_EMBED_SWIFT_STANDARD_LIBRARIES = YES;
				DEVELOPMENT_TEAM = URT24V64BJ;
				INFOPLIST_FILE = ImageGeneratorUITests/Info.plist;
				LD_RUNPATH_SEARCH_PATHS = "$(inherited) @executable_path/Frameworks @loader_path/Frameworks";
				PRODUCT_BUNDLE_IDENTIFIER = taguhiabgar.ImageGeneratorUITests;
				PRODUCT_NAME = "$(TARGET_NAME)";
				SWIFT_VERSION = 3.0;
				TEST_TARGET_NAME = ImageGenerator;
			};
			name = Release;
		};
/* End XCBuildConfiguration section */

/* Begin XCConfigurationList section */
		3D1DE02D1E5EF1E300768D97 /* Build configuration list for PBXProject "ImageGenerator" */ = {
			isa = XCConfigurationList;
			buildConfigurations = (
				3D1DE0581E5EF1E300768D97 /* Debug */,
				3D1DE0591E5EF1E300768D97 /* Release */,
			);
			defaultConfigurationIsVisible = 0;
			defaultConfigurationName = Release;
		};
		3D1DE05A1E5EF1E300768D97 /* Build configuration list for PBXNativeTarget "ImageGenerator" */ = {
			isa = XCConfigurationList;
			buildConfigurations = (
				3D1DE05B1E5EF1E300768D97 /* Debug */,
				3D1DE05C1E5EF1E300768D97 /* Release */,
			);
			defaultConfigurationIsVisible = 0;
		};
		3D1DE05D1E5EF1E300768D97 /* Build configuration list for PBXNativeTarget "ImageGeneratorTests" */ = {
			isa = XCConfigurationList;
			buildConfigurations = (
				3D1DE05E1E5EF1E300768D97 /* Debug */,
				3D1DE05F1E5EF1E300768D97 /* Release */,
			);
			defaultConfigurationIsVisible = 0;
		};
		3D1DE0601E5EF1E300768D97 /* Build configuration list for PBXNativeTarget "ImageGeneratorUITests" */ = {
			isa = XCConfigurationList;
			buildConfigurations = (
				3D1DE0611E5EF1E300768D97 /* Debug */,
				3D1DE0621E5EF1E300768D97 /* Release */,
			);
			defaultConfigurationIsVisible = 0;
		};
/* End XCConfigurationList section */
	};
	rootObject = 3D1DE02A1E5EF1E300768D97 /* Project object */;
}
